// !$*UTF8*$!
{
	archiveVersion = 1;
	classes = {
	};
	objectVersion = 51;
	objects = {

/* Begin PBXBuildFile section */
		0293912827F029EFE65ECCE9 /* Pods_Flix.framework in Frameworks */ = {isa = PBXBuildFile; fileRef = B865D691D390E9F34A237C20 /* Pods_Flix.framework */; };
		0712F555251BF8C700A24E4C /* MoviesViewController.swift in Sources */ = {isa = PBXBuildFile; fileRef = 0712F554251BF8C700A24E4C /* MoviesViewController.swift */; };
		0712F557251C1E1D00A24E4C /* MovieCell.swift in Sources */ = {isa = PBXBuildFile; fileRef = 0712F556251C1E1D00A24E4C /* MovieCell.swift */; };
		07479C312522B750005F9A52 /* MovieGridViewController.swift in Sources */ = {isa = PBXBuildFile; fileRef = 07479C302522B750005F9A52 /* MovieGridViewController.swift */; };
		07479C332522BADD005F9A52 /* MovieGridCell.swift in Sources */ = {isa = PBXBuildFile; fileRef = 07479C322522BADD005F9A52 /* MovieGridCell.swift */; };
		07686146251A497900B731EE /* AppDelegate.swift in Sources */ = {isa = PBXBuildFile; fileRef = 07686145251A497900B731EE /* AppDelegate.swift */; };
		07686148251A497900B731EE /* SceneDelegate.swift in Sources */ = {isa = PBXBuildFile; fileRef = 07686147251A497900B731EE /* SceneDelegate.swift */; };
		0768614D251A497900B731EE /* Main.storyboard in Resources */ = {isa = PBXBuildFile; fileRef = 0768614B251A497900B731EE /* Main.storyboard */; };
		0768614F251A497E00B731EE /* Assets.xcassets in Resources */ = {isa = PBXBuildFile; fileRef = 0768614E251A497E00B731EE /* Assets.xcassets */; };
		07686152251A497E00B731EE /* LaunchScreen.storyboard in Resources */ = {isa = PBXBuildFile; fileRef = 07686150251A497E00B731EE /* LaunchScreen.storyboard */; };
		0768615D251A497F00B731EE /* FlixTests.swift in Sources */ = {isa = PBXBuildFile; fileRef = 0768615C251A497F00B731EE /* FlixTests.swift */; };
		07686168251A497F00B731EE /* FlixUITests.swift in Sources */ = {isa = PBXBuildFile; fileRef = 07686167251A497F00B731EE /* FlixUITests.swift */; };
		07FAEA4525229C8E004174B2 /* MovieDetailsViewController.swift in Sources */ = {isa = PBXBuildFile; fileRef = 07FAEA4425229C8E004174B2 /* MovieDetailsViewController.swift */; };
		7929B2CC328DF5C95B9AFF7A /* Pods_FlixTests.framework in Frameworks */ = {isa = PBXBuildFile; fileRef = 83E3FF97E889EA7F5FDA91F9 /* Pods_FlixTests.framework */; };
		D1B7DE38C874C7F0879FCBE7 /* Pods_Flix_FlixUITests.framework in Frameworks */ = {isa = PBXBuildFile; fileRef = 2D8A3B8A2B6266C0ABB6E283 /* Pods_Flix_FlixUITests.framework */; };
/* End PBXBuildFile section */

/* Begin PBXContainerItemProxy section */
		07686159251A497F00B731EE /* PBXContainerItemProxy */ = {
			isa = PBXContainerItemProxy;
			containerPortal = 0768613A251A497900B731EE /* Project object */;
			proxyType = 1;
			remoteGlobalIDString = 07686141251A497900B731EE;
			remoteInfo = Flix;
		};
		07686164251A497F00B731EE /* PBXContainerItemProxy */ = {
			isa = PBXContainerItemProxy;
			containerPortal = 0768613A251A497900B731EE /* Project object */;
			proxyType = 1;
			remoteGlobalIDString = 07686141251A497900B731EE;
			remoteInfo = Flix;
		};
/* End PBXContainerItemProxy section */

/* Begin PBXFileReference section */
		0712F554251BF8C700A24E4C /* MoviesViewController.swift */ = {isa = PBXFileReference; lastKnownFileType = sourcecode.swift; path = MoviesViewController.swift; sourceTree = "<group>"; };
		0712F556251C1E1D00A24E4C /* MovieCell.swift */ = {isa = PBXFileReference; lastKnownFileType = sourcecode.swift; path = MovieCell.swift; sourceTree = "<group>"; };
		07479C302522B750005F9A52 /* MovieGridViewController.swift */ = {isa = PBXFileReference; lastKnownFileType = sourcecode.swift; path = MovieGridViewController.swift; sourceTree = "<group>"; };
		07479C322522BADD005F9A52 /* MovieGridCell.swift */ = {isa = PBXFileReference; lastKnownFileType = sourcecode.swift; path = MovieGridCell.swift; sourceTree = "<group>"; };
		07686142251A497900B731EE /* Flix.app */ = {isa = PBXFileReference; explicitFileType = wrapper.application; includeInIndex = 0; path = Flix.app; sourceTree = BUILT_PRODUCTS_DIR; };
		07686145251A497900B731EE /* AppDelegate.swift */ = {isa = PBXFileReference; lastKnownFileType = sourcecode.swift; path = AppDelegate.swift; sourceTree = "<group>"; };
		07686147251A497900B731EE /* SceneDelegate.swift */ = {isa = PBXFileReference; lastKnownFileType = sourcecode.swift; path = SceneDelegate.swift; sourceTree = "<group>"; };
		0768614C251A497900B731EE /* Base */ = {isa = PBXFileReference; lastKnownFileType = file.storyboard; name = Base; path = Base.lproj/Main.storyboard; sourceTree = "<group>"; };
		0768614E251A497E00B731EE /* Assets.xcassets */ = {isa = PBXFileReference; lastKnownFileType = folder.assetcatalog; path = Assets.xcassets; sourceTree = "<group>"; };
		07686151251A497E00B731EE /* Base */ = {isa = PBXFileReference; lastKnownFileType = file.storyboard; name = Base; path = Base.lproj/LaunchScreen.storyboard; sourceTree = "<group>"; };
		07686153251A497E00B731EE /* Info.plist */ = {isa = PBXFileReference; lastKnownFileType = text.plist.xml; path = Info.plist; sourceTree = "<group>"; };
		07686158251A497F00B731EE /* FlixTests.xctest */ = {isa = PBXFileReference; explicitFileType = wrapper.cfbundle; includeInIndex = 0; path = FlixTests.xctest; sourceTree = BUILT_PRODUCTS_DIR; };
		0768615C251A497F00B731EE /* FlixTests.swift */ = {isa = PBXFileReference; lastKnownFileType = sourcecode.swift; path = FlixTests.swift; sourceTree = "<group>"; };
		0768615E251A497F00B731EE /* Info.plist */ = {isa = PBXFileReference; lastKnownFileType = text.plist.xml; path = Info.plist; sourceTree = "<group>"; };
		07686163251A497F00B731EE /* FlixUITests.xctest */ = {isa = PBXFileReference; explicitFileType = wrapper.cfbundle; includeInIndex = 0; path = FlixUITests.xctest; sourceTree = BUILT_PRODUCTS_DIR; };
		07686167251A497F00B731EE /* FlixUITests.swift */ = {isa = PBXFileReference; lastKnownFileType = sourcecode.swift; path = FlixUITests.swift; sourceTree = "<group>"; };
		07686169251A497F00B731EE /* Info.plist */ = {isa = PBXFileReference; lastKnownFileType = text.plist.xml; path = Info.plist; sourceTree = "<group>"; };
		07FAEA4425229C8E004174B2 /* MovieDetailsViewController.swift */ = {isa = PBXFileReference; lastKnownFileType = sourcecode.swift; path = MovieDetailsViewController.swift; sourceTree = "<group>"; };
		105D7BBC38ABBFDF3CB74514 /* Pods-FlixTests.debug.xcconfig */ = {isa = PBXFileReference; includeInIndex = 1; lastKnownFileType = text.xcconfig; name = "Pods-FlixTests.debug.xcconfig"; path = "Target Support Files/Pods-FlixTests/Pods-FlixTests.debug.xcconfig"; sourceTree = "<group>"; };
		123652740752456D0B09423C /* Pods-Flix.release.xcconfig */ = {isa = PBXFileReference; includeInIndex = 1; lastKnownFileType = text.xcconfig; name = "Pods-Flix.release.xcconfig"; path = "Target Support Files/Pods-Flix/Pods-Flix.release.xcconfig"; sourceTree = "<group>"; };
		1CC0E15998265903C8BC9937 /* Pods-FlixTests.release.xcconfig */ = {isa = PBXFileReference; includeInIndex = 1; lastKnownFileType = text.xcconfig; name = "Pods-FlixTests.release.xcconfig"; path = "Target Support Files/Pods-FlixTests/Pods-FlixTests.release.xcconfig"; sourceTree = "<group>"; };
		2D8A3B8A2B6266C0ABB6E283 /* Pods_Flix_FlixUITests.framework */ = {isa = PBXFileReference; explicitFileType = wrapper.framework; includeInIndex = 0; path = Pods_Flix_FlixUITests.framework; sourceTree = BUILT_PRODUCTS_DIR; };
		3293833152524C35B57333B4 /* Pods-Flix-FlixUITests.release.xcconfig */ = {isa = PBXFileReference; includeInIndex = 1; lastKnownFileType = text.xcconfig; name = "Pods-Flix-FlixUITests.release.xcconfig"; path = "Target Support Files/Pods-Flix-FlixUITests/Pods-Flix-FlixUITests.release.xcconfig"; sourceTree = "<group>"; };
		414CCEFA04EC835A3E08C286 /* Pods-Flix.debug.xcconfig */ = {isa = PBXFileReference; includeInIndex = 1; lastKnownFileType = text.xcconfig; name = "Pods-Flix.debug.xcconfig"; path = "Target Support Files/Pods-Flix/Pods-Flix.debug.xcconfig"; sourceTree = "<group>"; };
		83E3FF97E889EA7F5FDA91F9 /* Pods_FlixTests.framework */ = {isa = PBXFileReference; explicitFileType = wrapper.framework; includeInIndex = 0; path = Pods_FlixTests.framework; sourceTree = BUILT_PRODUCTS_DIR; };
		9CD74BCE5C22087764BDA96B /* Pods-Flix-FlixUITests.debug.xcconfig */ = {isa = PBXFileReference; includeInIndex = 1; lastKnownFileType = text.xcconfig; name = "Pods-Flix-FlixUITests.debug.xcconfig"; path = "Target Support Files/Pods-Flix-FlixUITests/Pods-Flix-FlixUITests.debug.xcconfig"; sourceTree = "<group>"; };
		B865D691D390E9F34A237C20 /* Pods_Flix.framework */ = {isa = PBXFileReference; explicitFileType = wrapper.framework; includeInIndex = 0; path = Pods_Flix.framework; sourceTree = BUILT_PRODUCTS_DIR; };
/* End PBXFileReference section */

/* Begin PBXFrameworksBuildPhase section */
		0768613F251A497900B731EE /* Frameworks */ = {
			isa = PBXFrameworksBuildPhase;
			buildActionMask = 2147483647;
			files = (
				0293912827F029EFE65ECCE9 /* Pods_Flix.framework in Frameworks */,
			);
			runOnlyForDeploymentPostprocessing = 0;
		};
		07686155251A497F00B731EE /* Frameworks */ = {
			isa = PBXFrameworksBuildPhase;
			buildActionMask = 2147483647;
			files = (
				7929B2CC328DF5C95B9AFF7A /* Pods_FlixTests.framework in Frameworks */,
			);
			runOnlyForDeploymentPostprocessing = 0;
		};
		07686160251A497F00B731EE /* Frameworks */ = {
			isa = PBXFrameworksBuildPhase;
			buildActionMask = 2147483647;
			files = (
				D1B7DE38C874C7F0879FCBE7 /* Pods_Flix_FlixUITests.framework in Frameworks */,
			);
			runOnlyForDeploymentPostprocessing = 0;
		};
/* End PBXFrameworksBuildPhase section */

/* Begin PBXGroup section */
		07686139251A497900B731EE = {
			isa = PBXGroup;
			children = (
				07686144251A497900B731EE /* Flix */,
				0768615B251A497F00B731EE /* FlixTests */,
				07686166251A497F00B731EE /* FlixUITests */,
				07686143251A497900B731EE /* Products */,
				DE3E5E9B1B4ACA53D466CEEC /* Pods */,
				B86CDDE188379E5454A875E9 /* Frameworks */,
			);
			sourceTree = "<group>";
		};
		07686143251A497900B731EE /* Products */ = {
			isa = PBXGroup;
			children = (
				07686142251A497900B731EE /* Flix.app */,
				07686158251A497F00B731EE /* FlixTests.xctest */,
				07686163251A497F00B731EE /* FlixUITests.xctest */,
			);
			name = Products;
			sourceTree = "<group>";
		};
		07686144251A497900B731EE /* Flix */ = {
			isa = PBXGroup;
			children = (
				07686145251A497900B731EE /* AppDelegate.swift */,
				07686147251A497900B731EE /* SceneDelegate.swift */,
				0768614B251A497900B731EE /* Main.storyboard */,
				0768614E251A497E00B731EE /* Assets.xcassets */,
				07686150251A497E00B731EE /* LaunchScreen.storyboard */,
				07686153251A497E00B731EE /* Info.plist */,
				0712F554251BF8C700A24E4C /* MoviesViewController.swift */,
				0712F556251C1E1D00A24E4C /* MovieCell.swift */,
				07FAEA4425229C8E004174B2 /* MovieDetailsViewController.swift */,
				07479C302522B750005F9A52 /* MovieGridViewController.swift */,
				07479C322522BADD005F9A52 /* MovieGridCell.swift */,
			);
			path = Flix;
			sourceTree = "<group>";
		};
		0768615B251A497F00B731EE /* FlixTests */ = {
			isa = PBXGroup;
			children = (
				0768615C251A497F00B731EE /* FlixTests.swift */,
				0768615E251A497F00B731EE /* Info.plist */,
			);
			path = FlixTests;
			sourceTree = "<group>";
		};
		07686166251A497F00B731EE /* FlixUITests */ = {
			isa = PBXGroup;
			children = (
				07686167251A497F00B731EE /* FlixUITests.swift */,
				07686169251A497F00B731EE /* Info.plist */,
			);
			path = FlixUITests;
			sourceTree = "<group>";
		};
		B86CDDE188379E5454A875E9 /* Frameworks */ = {
			isa = PBXGroup;
			children = (
				B865D691D390E9F34A237C20 /* Pods_Flix.framework */,
				2D8A3B8A2B6266C0ABB6E283 /* Pods_Flix_FlixUITests.framework */,
				83E3FF97E889EA7F5FDA91F9 /* Pods_FlixTests.framework */,
			);
			name = Frameworks;
			sourceTree = "<group>";
		};
		DE3E5E9B1B4ACA53D466CEEC /* Pods */ = {
			isa = PBXGroup;
			children = (
				414CCEFA04EC835A3E08C286 /* Pods-Flix.debug.xcconfig */,
				123652740752456D0B09423C /* Pods-Flix.release.xcconfig */,
				9CD74BCE5C22087764BDA96B /* Pods-Flix-FlixUITests.debug.xcconfig */,
				3293833152524C35B57333B4 /* Pods-Flix-FlixUITests.release.xcconfig */,
				105D7BBC38ABBFDF3CB74514 /* Pods-FlixTests.debug.xcconfig */,
				1CC0E15998265903C8BC9937 /* Pods-FlixTests.release.xcconfig */,
			);
			path = Pods;
			sourceTree = "<group>";
		};
/* End PBXGroup section */

/* Begin PBXNativeTarget section */
		07686141251A497900B731EE /* Flix */ = {
			isa = PBXNativeTarget;
			buildConfigurationList = 0768616C251A497F00B731EE /* Build configuration list for PBXNativeTarget "Flix" */;
			buildPhases = (
				37B1C36F4CF54A6A1ABE6170 /* [CP] Check Pods Manifest.lock */,
				0768613E251A497900B731EE /* Sources */,
				0768613F251A497900B731EE /* Frameworks */,
				07686140251A497900B731EE /* Resources */,
				43C4F8F7417329713A8BEC50 /* [CP] Embed Pods Frameworks */,
			);
			buildRules = (
			);
			dependencies = (
			);
			name = Flix;
			productName = Flix;
			productReference = 07686142251A497900B731EE /* Flix.app */;
			productType = "com.apple.product-type.application";
		};
		07686157251A497F00B731EE /* FlixTests */ = {
			isa = PBXNativeTarget;
			buildConfigurationList = 0768616F251A497F00B731EE /* Build configuration list for PBXNativeTarget "FlixTests" */;
			buildPhases = (
				377E73CD3FD4D340C3EDD53A /* [CP] Check Pods Manifest.lock */,
				07686154251A497F00B731EE /* Sources */,
				07686155251A497F00B731EE /* Frameworks */,
				07686156251A497F00B731EE /* Resources */,
			);
			buildRules = (
			);
			dependencies = (
				0768615A251A497F00B731EE /* PBXTargetDependency */,
			);
			name = FlixTests;
			productName = FlixTests;
			productReference = 07686158251A497F00B731EE /* FlixTests.xctest */;
			productType = "com.apple.product-type.bundle.unit-test";
		};
		07686162251A497F00B731EE /* FlixUITests */ = {
			isa = PBXNativeTarget;
			buildConfigurationList = 07686172251A497F00B731EE /* Build configuration list for PBXNativeTarget "FlixUITests" */;
			buildPhases = (
				69350B9B3B763B5AF94E6466 /* [CP] Check Pods Manifest.lock */,
				0768615F251A497F00B731EE /* Sources */,
				07686160251A497F00B731EE /* Frameworks */,
				07686161251A497F00B731EE /* Resources */,
				B3418D13AF773C06EE9E6C16 /* [CP] Embed Pods Frameworks */,
			);
			buildRules = (
			);
			dependencies = (
				07686165251A497F00B731EE /* PBXTargetDependency */,
			);
			name = FlixUITests;
			productName = FlixUITests;
			productReference = 07686163251A497F00B731EE /* FlixUITests.xctest */;
			productType = "com.apple.product-type.bundle.ui-testing";
		};
/* End PBXNativeTarget section */

/* Begin PBXProject section */
		0768613A251A497900B731EE /* Project object */ = {
			isa = PBXProject;
			attributes = {
				LastSwiftUpdateCheck = 1160;
				LastUpgradeCheck = 1160;
				ORGANIZATIONNAME = Codepath;
				TargetAttributes = {
					07686141251A497900B731EE = {
						CreatedOnToolsVersion = 11.6;
					};
					07686157251A497F00B731EE = {
						CreatedOnToolsVersion = 11.6;
						TestTargetID = 07686141251A497900B731EE;
					};
					07686162251A497F00B731EE = {
						CreatedOnToolsVersion = 11.6;
						TestTargetID = 07686141251A497900B731EE;
					};
				};
			};
			buildConfigurationList = 0768613D251A497900B731EE /* Build configuration list for PBXProject "Flix" */;
			compatibilityVersion = "Xcode 9.3";
			developmentRegion = en;
			hasScannedForEncodings = 0;
			knownRegions = (
				en,
				Base,
			);
			mainGroup = 07686139251A497900B731EE;
			productRefGroup = 07686143251A497900B731EE /* Products */;
			projectDirPath = "";
			projectRoot = "";
			targets = (
				07686141251A497900B731EE /* Flix */,
				07686157251A497F00B731EE /* FlixTests */,
				07686162251A497F00B731EE /* FlixUITests */,
			);
		};
/* End PBXProject section */

/* Begin PBXResourcesBuildPhase section */
		07686140251A497900B731EE /* Resources */ = {
			isa = PBXResourcesBuildPhase;
			buildActionMask = 2147483647;
			files = (
				07686152251A497E00B731EE /* LaunchScreen.storyboard in Resources */,
				0768614F251A497E00B731EE /* Assets.xcassets in Resources */,
				0768614D251A497900B731EE /* Main.storyboard in Resources */,
			);
			runOnlyForDeploymentPostprocessing = 0;
		};
		07686156251A497F00B731EE /* Resources */ = {
			isa = PBXResourcesBuildPhase;
			buildActionMask = 2147483647;
			files = (
			);
			runOnlyForDeploymentPostprocessing = 0;
		};
		07686161251A497F00B731EE /* Resources */ = {
			isa = PBXResourcesBuildPhase;
			buildActionMask = 2147483647;
			files = (
			);
			runOnlyForDeploymentPostprocessing = 0;
		};
/* End PBXResourcesBuildPhase section */

/* Begin PBXShellScriptBuildPhase section */
		377E73CD3FD4D340C3EDD53A /* [CP] Check Pods Manifest.lock */ = {
			isa = PBXShellScriptBuildPhase;
			buildActionMask = 2147483647;
			files = (
			);
			inputFileListPaths = (
			);
			inputPaths = (
				"${PODS_PODFILE_DIR_PATH}/Podfile.lock",
				"${PODS_ROOT}/Manifest.lock",
			);
			name = "[CP] Check Pods Manifest.lock";
			outputFileListPaths = (
			);
			outputPaths = (
				"$(DERIVED_FILE_DIR)/Pods-FlixTests-checkManifestLockResult.txt",
			);
			runOnlyForDeploymentPostprocessing = 0;
			shellPath = /bin/sh;
			shellScript = "diff \"${PODS_PODFILE_DIR_PATH}/Podfile.lock\" \"${PODS_ROOT}/Manifest.lock\" > /dev/null\nif [ $? != 0 ] ; then\n    # print error to STDERR\n    echo \"error: The sandbox is not in sync with the Podfile.lock. Run 'pod install' or update your CocoaPods installation.\" >&2\n    exit 1\nfi\n# This output is used by Xcode 'outputs' to avoid re-running this script phase.\necho \"SUCCESS\" > \"${SCRIPT_OUTPUT_FILE_0}\"\n";
			showEnvVarsInLog = 0;
		};
		37B1C36F4CF54A6A1ABE6170 /* [CP] Check Pods Manifest.lock */ = {
			isa = PBXShellScriptBuildPhase;
			buildActionMask = 2147483647;
			files = (
			);
			inputFileListPaths = (
			);
			inputPaths = (
				"${PODS_PODFILE_DIR_PATH}/Podfile.lock",
				"${PODS_ROOT}/Manifest.lock",
			);
			name = "[CP] Check Pods Manifest.lock";
			outputFileListPaths = (
			);
			outputPaths = (
				"$(DERIVED_FILE_DIR)/Pods-Flix-checkManifestLockResult.txt",
			);
			runOnlyForDeploymentPostprocessing = 0;
			shellPath = /bin/sh;
			shellScript = "diff \"${PODS_PODFILE_DIR_PATH}/Podfile.lock\" \"${PODS_ROOT}/Manifest.lock\" > /dev/null\nif [ $? != 0 ] ; then\n    # print error to STDERR\n    echo \"error: The sandbox is not in sync with the Podfile.lock. Run 'pod install' or update your CocoaPods installation.\" >&2\n    exit 1\nfi\n# This output is used by Xcode 'outputs' to avoid re-running this script phase.\necho \"SUCCESS\" > \"${SCRIPT_OUTPUT_FILE_0}\"\n";
			showEnvVarsInLog = 0;
		};
		43C4F8F7417329713A8BEC50 /* [CP] Embed Pods Frameworks */ = {
			isa = PBXShellScriptBuildPhase;
			buildActionMask = 2147483647;
			files = (
			);
			inputFileListPaths = (
				"${PODS_ROOT}/Target Support Files/Pods-Flix/Pods-Flix-frameworks-${CONFIGURATION}-input-files.xcfilelist",
			);
			name = "[CP] Embed Pods Frameworks";
			outputFileListPaths = (
				"${PODS_ROOT}/Target Support Files/Pods-Flix/Pods-Flix-frameworks-${CONFIGURATION}-output-files.xcfilelist",
			);
			runOnlyForDeploymentPostprocessing = 0;
			shellPath = /bin/sh;
			shellScript = "\"${PODS_ROOT}/Target Support Files/Pods-Flix/Pods-Flix-frameworks.sh\"\n";
			showEnvVarsInLog = 0;
		};
		69350B9B3B763B5AF94E6466 /* [CP] Check Pods Manifest.lock */ = {
			isa = PBXShellScriptBuildPhase;
			buildActionMask = 2147483647;
			files = (
			);
			inputFileListPaths = (
			);
			inputPaths = (
				"${PODS_PODFILE_DIR_PATH}/Podfile.lock",
				"${PODS_ROOT}/Manifest.lock",
			);
			name = "[CP] Check Pods Manifest.lock";
			outputFileListPaths = (
			);
			outputPaths = (
				"$(DERIVED_FILE_DIR)/Pods-Flix-FlixUITests-checkManifestLockResult.txt",
			);
			runOnlyForDeploymentPostprocessing = 0;
			shellPath = /bin/sh;
			shellScript = "diff \"${PODS_PODFILE_DIR_PATH}/Podfile.lock\" \"${PODS_ROOT}/Manifest.lock\" > /dev/null\nif [ $? != 0 ] ; then\n    # print error to STDERR\n    echo \"error: The sandbox is not in sync with the Podfile.lock. Run 'pod install' or update your CocoaPods installation.\" >&2\n    exit 1\nfi\n# This output is used by Xcode 'outputs' to avoid re-running this script phase.\necho \"SUCCESS\" > \"${SCRIPT_OUTPUT_FILE_0}\"\n";
			showEnvVarsInLog = 0;
		};
		B3418D13AF773C06EE9E6C16 /* [CP] Embed Pods Frameworks */ = {
			isa = PBXShellScriptBuildPhase;
			buildActionMask = 2147483647;
			files = (
			);
			inputFileListPaths = (
				"${PODS_ROOT}/Target Support Files/Pods-Flix-FlixUITests/Pods-Flix-FlixUITests-frameworks-${CONFIGURATION}-input-files.xcfilelist",
			);
			name = "[CP] Embed Pods Frameworks";
			outputFileListPaths = (
				"${PODS_ROOT}/Target Support Files/Pods-Flix-FlixUITests/Pods-Flix-FlixUITests-frameworks-${CONFIGURATION}-output-files.xcfilelist",
			);
			runOnlyForDeploymentPostprocessing = 0;
			shellPath = /bin/sh;
			shellScript = "\"${PODS_ROOT}/Target Support Files/Pods-Flix-FlixUITests/Pods-Flix-FlixUITests-frameworks.sh\"\n";
			showEnvVarsInLog = 0;
		};
/* End PBXShellScriptBuildPhase section */

/* Begin PBXSourcesBuildPhase section */
		0768613E251A497900B731EE /* Sources */ = {
			isa = PBXSourcesBuildPhase;
			buildActionMask = 2147483647;
			files = (
				07FAEA4525229C8E004174B2 /* MovieDetailsViewController.swift in Sources */,
				07686146251A497900B731EE /* AppDelegate.swift in Sources */,
				07686148251A497900B731EE /* SceneDelegate.swift in Sources */,
				0712F557251C1E1D00A24E4C /* MovieCell.swift in Sources */,
				0712F555251BF8C700A24E4C /* MoviesViewController.swift in Sources */,
				07479C312522B750005F9A52 /* MovieGridViewController.swift in Sources */,
				07479C332522BADD005F9A52 /* MovieGridCell.swift in Sources */,
			);
			runOnlyForDeploymentPostprocessing = 0;
		};
		07686154251A497F00B731EE /* Sources */ = {
			isa = PBXSourcesBuildPhase;
			buildActionMask = 2147483647;
			files = (
				0768615D251A497F00B731EE /* FlixTests.swift in Sources */,
			);
			runOnlyForDeploymentPostprocessing = 0;
		};
		0768615F251A497F00B731EE /* Sources */ = {
			isa = PBXSourcesBuildPhase;
			buildActionMask = 2147483647;
			files = (
				07686168251A497F00B731EE /* FlixUITests.swift in Sources */,
			);
			runOnlyForDeploymentPostprocessing = 0;
		};
/* End PBXSourcesBuildPhase section */

/* Begin PBXTargetDependency section */
		0768615A251A497F00B731EE /* PBXTargetDependency */ = {
			isa = PBXTargetDependency;
			target = 07686141251A497900B731EE /* Flix */;
			targetProxy = 07686159251A497F00B731EE /* PBXContainerItemProxy */;
		};
		07686165251A497F00B731EE /* PBXTargetDependency */ = {
			isa = PBXTargetDependency;
			target = 07686141251A497900B731EE /* Flix */;
			targetProxy = 07686164251A497F00B731EE /* PBXContainerItemProxy */;
		};
/* End PBXTargetDependency section */

/* Begin PBXVariantGroup section */
		0768614B251A497900B731EE /* Main.storyboard */ = {
			isa = PBXVariantGroup;
			children = (
				0768614C251A497900B731EE /* Base */,
			);
			name = Main.storyboard;
			sourceTree = "<group>";
		};
		07686150251A497E00B731EE /* LaunchScreen.storyboard */ = {
			isa = PBXVariantGroup;
			children = (
				07686151251A497E00B731EE /* Base */,
			);
			name = LaunchScreen.storyboard;
			sourceTree = "<group>";
		};
/* End PBXVariantGroup section */

/* Begin XCBuildConfiguration section */
		0768616A251A497F00B731EE /* Debug */ = {
			isa = XCBuildConfiguration;
			buildSettings = {
				ALWAYS_SEARCH_USER_PATHS = NO;
				CLANG_ANALYZER_NONNULL = YES;
				CLANG_ANALYZER_NUMBER_OBJECT_CONVERSION = YES_AGGRESSIVE;
				CLANG_CXX_LANGUAGE_STANDARD = "gnu++14";
				CLANG_CXX_LIBRARY = "libc++";
				CLANG_ENABLE_MODULES = YES;
				CLANG_ENABLE_OBJC_ARC = YES;
				CLANG_ENABLE_OBJC_WEAK = YES;
				CLANG_WARN_BLOCK_CAPTURE_AUTORELEASING = YES;
				CLANG_WARN_BOOL_CONVERSION = YES;
				CLANG_WARN_COMMA = YES;
				CLANG_WARN_CONSTANT_CONVERSION = YES;
				CLANG_WARN_DEPRECATED_OBJC_IMPLEMENTATIONS = YES;
				CLANG_WARN_DIRECT_OBJC_ISA_USAGE = YES_ERROR;
				CLANG_WARN_DOCUMENTATION_COMMENTS = YES;
				CLANG_WARN_EMPTY_BODY = YES;
				CLANG_WARN_ENUM_CONVERSION = YES;
				CLANG_WARN_INFINITE_RECURSION = YES;
				CLANG_WARN_INT_CONVERSION = YES;
				CLANG_WARN_NON_LITERAL_NULL_CONVERSION = YES;
				CLANG_WARN_OBJC_IMPLICIT_RETAIN_SELF = YES;
				CLANG_WARN_OBJC_LITERAL_CONVERSION = YES;
				CLANG_WARN_OBJC_ROOT_CLASS = YES_ERROR;
				CLANG_WARN_RANGE_LOOP_ANALYSIS = YES;
				CLANG_WARN_STRICT_PROTOTYPES = YES;
				CLANG_WARN_SUSPICIOUS_MOVE = YES;
				CLANG_WARN_UNGUARDED_AVAILABILITY = YES_AGGRESSIVE;
				CLANG_WARN_UNREACHABLE_CODE = YES;
				CLANG_WARN__DUPLICATE_METHOD_MATCH = YES;
				COPY_PHASE_STRIP = NO;
				DEBUG_INFORMATION_FORMAT = dwarf;
				ENABLE_STRICT_OBJC_MSGSEND = YES;
				ENABLE_TESTABILITY = YES;
				GCC_C_LANGUAGE_STANDARD = gnu11;
				GCC_DYNAMIC_NO_PIC = NO;
				GCC_NO_COMMON_BLOCKS = YES;
				GCC_OPTIMIZATION_LEVEL = 0;
				GCC_PREPROCESSOR_DEFINITIONS = (
					"DEBUG=1",
					"$(inherited)",
				);
				GCC_WARN_64_TO_32_BIT_CONVERSION = YES;
				GCC_WARN_ABOUT_RETURN_TYPE = YES_ERROR;
				GCC_WARN_UNDECLARED_SELECTOR = YES;
				GCC_WARN_UNINITIALIZED_AUTOS = YES_AGGRESSIVE;
				GCC_WARN_UNUSED_FUNCTION = YES;
				GCC_WARN_UNUSED_VARIABLE = YES;
				IPHONEOS_DEPLOYMENT_TARGET = 13.6;
				MTL_ENABLE_DEBUG_INFO = INCLUDE_SOURCE;
				MTL_FAST_MATH = YES;
				ONLY_ACTIVE_ARCH = YES;
				SDKROOT = iphoneos;
				SWIFT_ACTIVE_COMPILATION_CONDITIONS = DEBUG;
				SWIFT_OPTIMIZATION_LEVEL = "-Onone";
			};
			name = Debug;
		};
		0768616B251A497F00B731EE /* Release */ = {
			isa = XCBuildConfiguration;
			buildSettings = {
				ALWAYS_SEARCH_USER_PATHS = NO;
				CLANG_ANALYZER_NONNULL = YES;
				CLANG_ANALYZER_NUMBER_OBJECT_CONVERSION = YES_AGGRESSIVE;
				CLANG_CXX_LANGUAGE_STANDARD = "gnu++14";
				CLANG_CXX_LIBRARY = "libc++";
				CLANG_ENABLE_MODULES = YES;
				CLANG_ENABLE_OBJC_ARC = YES;
				CLANG_ENABLE_OBJC_WEAK = YES;
				CLANG_WARN_BLOCK_CAPTURE_AUTORELEASING = YES;
				CLANG_WARN_BOOL_CONVERSION = YES;
				CLANG_WARN_COMMA = YES;
				CLANG_WARN_CONSTANT_CONVERSION = YES;
				CLANG_WARN_DEPRECATED_OBJC_IMPLEMENTATIONS = YES;
				CLANG_WARN_DIRECT_OBJC_ISA_USAGE = YES_ERROR;
				CLANG_WARN_DOCUMENTATION_COMMENTS = YES;
				CLANG_WARN_EMPTY_BODY = YES;
				CLANG_WARN_ENUM_CONVERSION = YES;
				CLANG_WARN_INFINITE_RECURSION = YES;
				CLANG_WARN_INT_CONVERSION = YES;
				CLANG_WARN_NON_LITERAL_NULL_CONVERSION = YES;
				CLANG_WARN_OBJC_IMPLICIT_RETAIN_SELF = YES;
				CLANG_WARN_OBJC_LITERAL_CONVERSION = YES;
				CLANG_WARN_OBJC_ROOT_CLASS = YES_ERROR;
				CLANG_WARN_RANGE_LOOP_ANALYSIS = YES;
				CLANG_WARN_STRICT_PROTOTYPES = YES;
				CLANG_WARN_SUSPICIOUS_MOVE = YES;
				CLANG_WARN_UNGUARDED_AVAILABILITY = YES_AGGRESSIVE;
				CLANG_WARN_UNREACHABLE_CODE = YES;
				CLANG_WARN__DUPLICATE_METHOD_MATCH = YES;
				COPY_PHASE_STRIP = NO;
				DEBUG_INFORMATION_FORMAT = "dwarf-with-dsym";
				ENABLE_NS_ASSERTIONS = NO;
				ENABLE_STRICT_OBJC_MSGSEND = YES;
				GCC_C_LANGUAGE_STANDARD = gnu11;
				GCC_NO_COMMON_BLOCKS = YES;
				GCC_WARN_64_TO_32_BIT_CONVERSION = YES;
				GCC_WARN_ABOUT_RETURN_TYPE = YES_ERROR;
				GCC_WARN_UNDECLARED_SELECTOR = YES;
				GCC_WARN_UNINITIALIZED_AUTOS = YES_AGGRESSIVE;
				GCC_WARN_UNUSED_FUNCTION = YES;
				GCC_WARN_UNUSED_VARIABLE = YES;
				IPHONEOS_DEPLOYMENT_TARGET = 13.6;
				MTL_ENABLE_DEBUG_INFO = NO;
				MTL_FAST_MATH = YES;
				SDKROOT = iphoneos;
				SWIFT_COMPILATION_MODE = wholemodule;
				SWIFT_OPTIMIZATION_LEVEL = "-O";
				VALIDATE_PRODUCT = YES;
			};
			name = Release;
		};
		0768616D251A497F00B731EE /* Debug */ = {
			isa = XCBuildConfiguration;
			baseConfigurationReference = 414CCEFA04EC835A3E08C286 /* Pods-Flix.debug.xcconfig */;
			buildSettings = {
				ASSETCATALOG_COMPILER_APPICON_NAME = AppIcon;
				CODE_SIGN_STYLE = Automatic;
				INFOPLIST_FILE = Flix/Info.plist;
				LD_RUNPATH_SEARCH_PATHS = (
					"$(inherited)",
					"@executable_path/Frameworks",
				);
				PRODUCT_BUNDLE_IDENTIFIER = Codepath.Flix;
				PRODUCT_NAME = "$(TARGET_NAME)";
				SWIFT_VERSION = 5.0;
				TARGETED_DEVICE_FAMILY = "1,2";
			};
			name = Debug;
		};
		0768616E251A497F00B731EE /* Release */ = {
			isa = XCBuildConfiguration;
			baseConfigurationReference = 123652740752456D0B09423C /* Pods-Flix.release.xcconfig */;
			buildSettings = {
				ASSETCATALOG_COMPILER_APPICON_NAME = AppIcon;
				CODE_SIGN_STYLE = Automatic;
				INFOPLIST_FILE = Flix/Info.plist;
				LD_RUNPATH_SEARCH_PATHS = (
					"$(inherited)",
					"@executable_path/Frameworks",
				);
				PRODUCT_BUNDLE_IDENTIFIER = Codepath.Flix;
				PRODUCT_NAME = "$(TARGET_NAME)";
				SWIFT_VERSION = 5.0;
				TARGETED_DEVICE_FAMILY = "1,2";
			};
			name = Release;
		};
		07686170251A497F00B731EE /* Debug */ = {
			isa = XCBuildConfiguration;
			baseConfigurationReference = 105D7BBC38ABBFDF3CB74514 /* Pods-FlixTests.debug.xcconfig */;
			buildSettings = {
				ALWAYS_EMBED_SWIFT_STANDARD_LIBRARIES = YES;
				BUNDLE_LOADER = "$(TEST_HOST)";
				CODE_SIGN_STYLE = Automatic;
				INFOPLIST_FILE = FlixTests/Info.plist;
				IPHONEOS_DEPLOYMENT_TARGET = 13.6;
				LD_RUNPATH_SEARCH_PATHS = (
					"$(inherited)",
					"@executable_path/Frameworks",
					"@loader_path/Frameworks",
				);
				PRODUCT_BUNDLE_IDENTIFIER = Codepath.FlixTests;
				PRODUCT_NAME = "$(TARGET_NAME)";
				SWIFT_VERSION = 5.0;
				TARGETED_DEVICE_FAMILY = "1,2";
				TEST_HOST = "$(BUILT_PRODUCTS_DIR)/Flix.app/Flix";
			};
			name = Debug;
		};
		07686171251A497F00B731EE /* Release */ = {
			isa = XCBuildConfiguration;
			baseConfigurationReference = 1CC0E15998265903C8BC9937 /* Pods-FlixTests.release.xcconfig */;
			buildSettings = {
				ALWAYS_EMBED_SWIFT_STANDARD_LIBRARIES = YES;
				BUNDLE_LOADER = "$(TEST_HOST)";
				CODE_SIGN_STYLE = Automatic;
				INFOPLIST_FILE = FlixTests/Info.plist;
				IPHONEOS_DEPLOYMENT_TARGET = 13.6;
				LD_RUNPATH_SEARCH_PATHS = (
					"$(inherited)",
					"@executable_path/Frameworks",
					"@loader_path/Frameworks",
				);
				PRODUCT_BUNDLE_IDENTIFIER = Codepath.FlixTests;
				PRODUCT_NAME = "$(TARGET_NAME)";
				SWIFT_VERSION = 5.0;
				TARGETED_DEVICE_FAMILY = "1,2";
				TEST_HOST = "$(BUILT_PRODUCTS_DIR)/Flix.app/Flix";
			};
			name = Release;
		};
		07686173251A497F00B731EE /* Debug */ = {
			isa = XCBuildConfiguration;
			baseConfigurationReference = 9CD74BCE5C22087764BDA96B /* Pods-Flix-FlixUITests.debug.xcconfig */;
			buildSettings = {
				ALWAYS_EMBED_SWIFT_STANDARD_LIBRARIES = YES;
				CODE_SIGN_STYLE = Automatic;
				INFOPLIST_FILE = FlixUITests/Info.plist;
				LD_RUNPATH_SEARCH_PATHS = (
					"$(inherited)",
					"@executable_path/Frameworks",
					"@loader_path/Frameworks",
				);
				PRODUCT_BUNDLE_IDENTIFIER = Codepath.FlixUITests;
				PRODUCT_NAME = "$(TARGET_NAME)";
				SWIFT_VERSION = 5.0;
				TARGETED_DEVICE_FAMILY = "1,2";
				TEST_TARGET_NAME = Flix;
			};
			name = Debug;
		};
		07686174251A497F00B731EE /* Release */ = {
			isa = XCBuildConfiguration;
			baseConfigurationReference = 3293833152524C35B57333B4 /* Pods-Flix-FlixUITests.release.xcconfig */;
			buildSettings = {
				ALWAYS_EMBED_SWIFT_STANDARD_LIBRARIES = YES;
				CODE_SIGN_STYLE = Automatic;
				INFOPLIST_FILE = FlixUITests/Info.plist;
				LD_RUNPATH_SEARCH_PATHS = (
					"$(inherited)",
					"@executable_path/Frameworks",
					"@loader_path/Frameworks",
				);
				PRODUCT_BUNDLE_IDENTIFIER = Codepath.FlixUITests;
				PRODUCT_NAME = "$(TARGET_NAME)";
				SWIFT_VERSION = 5.0;
				TARGETED_DEVICE_FAMILY = "1,2";
				TEST_TARGET_NAME = Flix;
			};
			name = Release;
		};
/* End XCBuildConfiguration section */

/* Begin XCConfigurationList section */
		0768613D251A497900B731EE /* Build configuration list for PBXProject "Flix" */ = {
			isa = XCConfigurationList;
			buildConfigurations = (
				0768616A251A497F00B731EE /* Debug */,
				0768616B251A497F00B731EE /* Release */,
			);
			defaultConfigurationIsVisible = 0;
			defaultConfigurationName = Release;
		};
		0768616C251A497F00B731EE /* Build configuration list for PBXNativeTarget "Flix" */ = {
			isa = XCConfigurationList;
			buildConfigurations = (
				0768616D251A497F00B731EE /* Debug */,
				0768616E251A497F00B731EE /* Release */,
			);
			defaultConfigurationIsVisible = 0;
			defaultConfigurationName = Release;
		};
		0768616F251A497F00B731EE /* Build configuration list for PBXNativeTarget "FlixTests" */ = {
			isa = XCConfigurationList;
			buildConfigurations = (
				07686170251A497F00B731EE /* Debug */,
				07686171251A497F00B731EE /* Release */,
			);
			defaultConfigurationIsVisible = 0;
			defaultConfigurationName = Release;
		};
		07686172251A497F00B731EE /* Build configuration list for PBXNativeTarget "FlixUITests" */ = {
			isa = XCConfigurationList;
			buildConfigurations = (
				07686173251A497F00B731EE /* Debug */,
				07686174251A497F00B731EE /* Release */,
			);
			defaultConfigurationIsVisible = 0;
			defaultConfigurationName = Release;
		};
/* End XCConfigurationList section */
	};
	rootObject = 0768613A251A497900B731EE /* Project object */;
}
